{
	"name": "floatysocket",
	"version": "1.0.0",
	"lockfileVersion": 2,
	"requires": true,
	"packages": {
		"": {
			"name": "floatysocket",
			"version": "1.0.0",
			"dependencies": {
				"prom-client": "^15.1.1"
			},
			"devDependencies": {
				"@types/node": "^20.12.2",
				"typescript": "^5.4.3"
			}
		},
		"node_modules/@opentelemetry/api": {
			"version": "1.8.0",
			"resolved": "https://registry.npmjs.org/@opentelemetry/api/-/api-1.8.0.tgz",
			"integrity": "sha512-I/s6F7yKUDdtMsoBWXJe8Qz40Tui5vsuKCWJEWVL+5q9sSWRzzx6v2KeNsOBEwd94j0eWkpWCH4yB6rZg9Mf0w==",
			"engines": {
				"node": ">=8.0.0"
			}
		},
		"node_modules/@types/node": {
			"version": "20.12.2",
			"resolved": "https://registry.npmjs.org/@types/node/-/node-20.12.2.tgz",
			"integrity": "sha512-zQ0NYO87hyN6Xrclcqp7f8ZbXNbRfoGWNcMvHTPQp9UUrwI0mI7XBz+cu7/W6/VClYo2g63B0cjull/srU7LgQ==",
			"dev": true,
			"dependencies": {
				"undici-types": "~5.26.4"
			}
		},
		"node_modules/bintrees": {
			"version": "1.0.2",
			"resolved": "https://registry.npmjs.org/bintrees/-/bintrees-1.0.2.tgz",
			"integrity": "sha512-VOMgTMwjAaUG580SXn3LacVgjurrbMme7ZZNYGSSV7mmtY6QQRh0Eg3pwIcntQ77DErK1L0NxkbetjcoXzVwKw=="
		},
		"node_modules/prom-client": {
			"version": "15.1.1",
			"resolved": "https://registry.npmjs.org/prom-client/-/prom-client-15.1.1.tgz",
			"integrity": "sha512-GVA2H96QCg2q71rjc3VYvSrVG7OpnJxyryC7dMzvfJfpJJHzQVwF3TJLfHzKORcwJpElWs1TwXLthlJAFJxq2A==",
			"dependencies": {
				"@opentelemetry/api": "^1.4.0",
				"tdigest": "^0.1.1"
			},
			"engines": {
				"node": "^16 || ^18 || >=20"
			}
		},
		"node_modules/tdigest": {
			"version": "0.1.2",
			"resolved": "https://registry.npmjs.org/tdigest/-/tdigest-0.1.2.tgz",
			"integrity": "sha512-+G0LLgjjo9BZX2MfdvPfH+MKLCrxlXSYec5DaPYP1fe6Iyhf0/fSmJ0bFiZ1F8BT6cGXl2LpltQptzjXKWEkKA==",
			"dependencies": {
				"bintrees": "1.0.2"
			}
		},
		"node_modules/typescript": {
			"version": "5.4.3",
			"resolved": "https://registry.npmjs.org/typescript/-/typescript-5.4.3.tgz",
			"integrity": "sha512-KrPd3PKaCLr78MalgiwJnA25Nm8HAmdwN3mYUYZgG/wizIo9EainNVQI9/yDavtVFRN2h3k8uf3GLHuhDMgEHg==",
			"dev": true,
			"bin": {
				"tsc": "bin/tsc",
				"tsserver": "bin/tsserver"
			},
			"engines": {
				"node": ">=14.17"
			}
		},
		"node_modules/undici-types": {
			"version": "5.26.5",
			"resolved": "https://registry.npmjs.org/undici-types/-/undici-types-5.26.5.tgz",
			"integrity": "sha512-JlCMO+ehdEIKqlFxk6IfVoAUVmgz7cU7zD/h9XZ0qzeosSHmUJVOzSQvvYSYWXkFXC+IfLKSIffhv0sVZup6pA==",
			"dev": true
		}
	},
	"dependencies": {
		"@opentelemetry/api": {
			"version": "1.8.0",
			"resolved": "https://registry.npmjs.org/@opentelemetry/api/-/api-1.8.0.tgz",
			"integrity": "sha512-I/s6F7yKUDdtMsoBWXJe8Qz40Tui5vsuKCWJEWVL+5q9sSWRzzx6v2KeNsOBEwd94j0eWkpWCH4yB6rZg9Mf0w=="
		},
		"@types/node": {
			"version": "20.12.2",
			"resolved": "https://registry.npmjs.org/@types/node/-/node-20.12.2.tgz",
			"integrity": "sha512-zQ0NYO87hyN6Xrclcqp7f8ZbXNbRfoGWNcMvHTPQp9UUrwI0mI7XBz+cu7/W6/VClYo2g63B0cjull/srU7LgQ==",
			"dev": true,
			"requires": {
				"undici-types": "~5.26.4"
			}
		},
		"bintrees": {
			"version": "1.0.2",
			"resolved": "https://registry.npmjs.org/bintrees/-/bintrees-1.0.2.tgz",
			"integrity": "sha512-VOMgTMwjAaUG580SXn3LacVgjurrbMme7ZZNYGSSV7mmtY6QQRh0Eg3pwIcntQ77DErK1L0NxkbetjcoXzVwKw=="
		},
		"prom-client": {
			"version": "15.1.1",
			"resolved": "https://registry.npmjs.org/prom-client/-/prom-client-15.1.1.tgz",
			"integrity": "sha512-GVA2H96QCg2q71rjc3VYvSrVG7OpnJxyryC7dMzvfJfpJJHzQVwF3TJLfHzKORcwJpElWs1TwXLthlJAFJxq2A==",
			"requires": {
				"@opentelemetry/api": "^1.4.0",
				"tdigest": "^0.1.1"
			}
		},
		"tdigest": {
			"version": "0.1.2",
			"resolved": "https://registry.npmjs.org/tdigest/-/tdigest-0.1.2.tgz",
			"integrity": "sha512-+G0LLgjjo9BZX2MfdvPfH+MKLCrxlXSYec5DaPYP1fe6Iyhf0/fSmJ0bFiZ1F8BT6cGXl2LpltQptzjXKWEkKA==",
			"requires": {
				"bintrees": "1.0.2"
			}
		},
		"typescript": {
			"version": "5.4.3",
			"resolved": "https://registry.npmjs.org/typescript/-/typescript-5.4.3.tgz",
			"integrity": "sha512-KrPd3PKaCLr78MalgiwJnA25Nm8HAmdwN3mYUYZgG/wizIo9EainNVQI9/yDavtVFRN2h3k8uf3GLHuhDMgEHg==",
			"dev": true
		},
		"undici-types": {
			"version": "5.26.5",
			"resolved": "https://registry.npmjs.org/undici-types/-/undici-types-5.26.5.tgz",
			"integrity": "sha512-JlCMO+ehdEIKqlFxk6IfVoAUVmgz7cU7zD/h9XZ0qzeosSHmUJVOzSQvvYSYWXkFXC+IfLKSIffhv0sVZup6pA==",
			"dev": true
		}
	}
}
